// !$*UTF8*$!
{
	archiveVersion = 1;
	classes = {
	};
	objectVersion = 46;
	objects = {

/* Begin PBXBuildFile section */
		E82062121B51529C0020BC11 /* RootContainerView.m in Sources */ = {isa = PBXBuildFile; fileRef = E82062111B51529C0020BC11 /* RootContainerView.m */; };
		E82062161B516C8B0020BC11 /* ContainerBridgeView.m in Sources */ = {isa = PBXBuildFile; fileRef = E82062151B516C8B0020BC11 /* ContainerBridgeView.m */; };
		E88AC1521B56DC6600E8AAD2 /* AgendaActivity.m in Sources */ = {isa = PBXBuildFile; fileRef = E88AC1511B56DC6600E8AAD2 /* AgendaActivity.m */; };
		E88AC1551B56DC7800E8AAD2 /* AgendaAbout.m in Sources */ = {isa = PBXBuildFile; fileRef = E88AC1541B56DC7800E8AAD2 /* AgendaAbout.m */; };
		E894B6471B56F8DF000F44B4 /* AttendeesController.m in Sources */ = {isa = PBXBuildFile; fileRef = E894B6461B56F8DF000F44B4 /* AttendeesController.m */; };
		E894B64A1B56FBB6000F44B4 /* AttendeesFeedCell.m in Sources */ = {isa = PBXBuildFile; fileRef = E894B6491B56FBB6000F44B4 /* AttendeesFeedCell.m */; };
		E8C91CA71B5C09C200FD96B6 /* SpeakerDetailView.m in Sources */ = {isa = PBXBuildFile; fileRef = E8C91CA61B5C09C200FD96B6 /* SpeakerDetailView.m */; };
		E8C91CAA1B5C365500FD96B6 /* SpeakerAboutView.m in Sources */ = {isa = PBXBuildFile; fileRef = E8C91CA91B5C365500FD96B6 /* SpeakerAboutView.m */; };
		E8CB6F3F1B556C7800FDA950 /* AgendaDetailView.m in Sources */ = {isa = PBXBuildFile; fileRef = E8CB6F3E1B556C7800FDA950 /* AgendaDetailView.m */; };
		E8E5500C1B58174B00731ADB /* LeaderBoardView.m in Sources */ = {isa = PBXBuildFile; fileRef = E8E5500B1B58174B00731ADB /* LeaderBoardView.m */; };
		E8E5500F1B581C7200731ADB /* LeaderBoardCell.m in Sources */ = {isa = PBXBuildFile; fileRef = E8E5500E1B581C7200731ADB /* LeaderBoardCell.m */; };
		E8E550121B581DCA00731ADB /* SpeakerView.m in Sources */ = {isa = PBXBuildFile; fileRef = E8E550111B581DCA00731ADB /* SpeakerView.m */; };
		E8E550161B58220B00731ADB /* SpeakerCollectionCell.m in Sources */ = {isa = PBXBuildFile; fileRef = E8E550151B58220B00731ADB /* SpeakerCollectionCell.m */; };
		E8FA7DF11B4EDD310066F5A3 /* AgendaFeedCell.m in Sources */ = {isa = PBXBuildFile; fileRef = E8FA7DEF1B4EDD310066F5A3 /* AgendaFeedCell.m */; };
		F033B17B1B1DC29B0018B8CC /* ActivityFeedCell.m in Sources */ = {isa = PBXBuildFile; fileRef = F033B1791B1DC29B0018B8CC /* ActivityFeedCell.m */; };
		F033B17C1B1DC29B0018B8CC /* ActivityFeedCell.xib in Resources */ = {isa = PBXBuildFile; fileRef = F033B17A1B1DC29B0018B8CC /* ActivityFeedCell.xib */; };
		F034B2C31B4D92A90063B4A5 /* LoginViewController.m in Sources */ = {isa = PBXBuildFile; fileRef = F034B2C21B4D92A90063B4A5 /* LoginViewController.m */; };
		F04FCB681B4711DE0046AD2B /* SlidebarTableViewCell.m in Sources */ = {isa = PBXBuildFile; fileRef = F04FCB661B4711DE0046AD2B /* SlidebarTableViewCell.m */; };
		F04FCB691B4711DE0046AD2B /* SlidebarTableViewCell.xib in Resources */ = {isa = PBXBuildFile; fileRef = F04FCB671B4711DE0046AD2B /* SlidebarTableViewCell.xib */; };
		F04FCB6D1B4713CC0046AD2B /* SlideBarTitleTableViewCell.m in Sources */ = {isa = PBXBuildFile; fileRef = F04FCB6B1B4713CC0046AD2B /* SlideBarTitleTableViewCell.m */; };
		F04FCB6E1B4713CC0046AD2B /* SlideBarTitleTableViewCell.xib in Resources */ = {isa = PBXBuildFile; fileRef = F04FCB6C1B4713CC0046AD2B /* SlideBarTitleTableViewCell.xib */; };
		F05EC3EC1B55A4D100894E95 /* ActivityPage.png in Resources */ = {isa = PBXBuildFile; fileRef = F05EC3EB1B55A4D100894E95 /* ActivityPage.png */; };
		F0614CC41B5EE11A00E80C5F /* sent.png in Resources */ = {isa = PBXBuildFile; fileRef = F0614CC31B5EE11A00E80C5F /* sent.png */; };
		F0655EC11B4B228C00D064B6 /* BaseViewController.m in Sources */ = {isa = PBXBuildFile; fileRef = F0655EC01B4B228C00D064B6 /* BaseViewController.m */; };
		F0655EC41B4B22AC00D064B6 /* BaseView.m in Sources */ = {isa = PBXBuildFile; fileRef = F0655EC31B4B22AC00D064B6 /* BaseView.m */; };
		F0655EC61B4B22DE00D064B6 /* BaseView.xib in Resources */ = {isa = PBXBuildFile; fileRef = F0655EC51B4B22DE00D064B6 /* BaseView.xib */; };
		F0655ECA1B4B2A3C00D064B6 /* AgendaViewController.m in Sources */ = {isa = PBXBuildFile; fileRef = F0655EC91B4B2A3C00D064B6 /* AgendaViewController.m */; };
		F0655ECE1B4B2B7700D064B6 /* USTUser.m in Sources */ = {isa = PBXBuildFile; fileRef = F0655ECD1B4B2B7700D064B6 /* USTUser.m */; };
		F0655ED21B4B2BE300D064B6 /* USTRequest.m in Sources */ = {isa = PBXBuildFile; fileRef = F0655ED11B4B2BE300D064B6 /* USTRequest.m */; };
		F06961811B5BD129008A4F67 /* AddPostViewController.m in Sources */ = {isa = PBXBuildFile; fileRef = F06961801B5BD129008A4F67 /* AddPostViewController.m */; };
		F07A193E1B1CCF2800A67D85 /* main.m in Sources */ = {isa = PBXBuildFile; fileRef = F07A193D1B1CCF2800A67D85 /* main.m */; };
		F07A19411B1CCF2800A67D85 /* AppDelegate.m in Sources */ = {isa = PBXBuildFile; fileRef = F07A19401B1CCF2800A67D85 /* AppDelegate.m */; };
		F07A19441B1CCF2800A67D85 /* USTCalander.xcdatamodeld in Sources */ = {isa = PBXBuildFile; fileRef = F07A19421B1CCF2800A67D85 /* USTCalander.xcdatamodeld */; };
		F07A19471B1CCF2800A67D85 /* ViewController.m in Sources */ = {isa = PBXBuildFile; fileRef = F07A19461B1CCF2800A67D85 /* ViewController.m */; };
		F07A194A1B1CCF2800A67D85 /* Main.storyboard in Resources */ = {isa = PBXBuildFile; fileRef = F07A19481B1CCF2800A67D85 /* Main.storyboard */; };
		F07A194C1B1CCF2800A67D85 /* Images.xcassets in Resources */ = {isa = PBXBuildFile; fileRef = F07A194B1B1CCF2800A67D85 /* Images.xcassets */; };
		F07A194F1B1CCF2800A67D85 /* LaunchScreen.xib in Resources */ = {isa = PBXBuildFile; fileRef = F07A194D1B1CCF2800A67D85 /* LaunchScreen.xib */; };
		F07A195B1B1CCF2800A67D85 /* USTCalanderTests.m in Sources */ = {isa = PBXBuildFile; fileRef = F07A195A1B1CCF2800A67D85 /* USTCalanderTests.m */; };
		F07A19671B1CD61F00A67D85 /* SWRevealViewController.m in Sources */ = {isa = PBXBuildFile; fileRef = F07A19661B1CD61F00A67D85 /* SWRevealViewController.m */; };
		F07A196B1B1CD85C00A67D85 /* SideBarViewController.m in Sources */ = {isa = PBXBuildFile; fileRef = F07A196A1B1CD85C00A67D85 /* SideBarViewController.m */; };
		F0819A441B4C598300714609 /* USTDataCache.m in Sources */ = {isa = PBXBuildFile; fileRef = F0819A431B4C598300714609 /* USTDataCache.m */; };
		F0819A471B4C5A5500714609 /* USTDataCacheHandler.m in Sources */ = {isa = PBXBuildFile; fileRef = F0819A461B4C5A5500714609 /* USTDataCacheHandler.m */; };
		F09552E71B5C3EA200D054C6 /* CommentViewController.m in Sources */ = {isa = PBXBuildFile; fileRef = F09552E51B5C3EA200D054C6 /* CommentViewController.m */; };
		F09552E81B5C3EA200D054C6 /* CommentViewController.xib in Resources */ = {isa = PBXBuildFile; fileRef = F09552E61B5C3EA200D054C6 /* CommentViewController.xib */; };
		F09552EA1B5C417600D054C6 /* Agenda.storyboard in Resources */ = {isa = PBXBuildFile; fileRef = F09552E91B5C417600D054C6 /* Agenda.storyboard */; };
		F09552ED1B5C47CD00D054C6 /* CommentCell.m in Sources */ = {isa = PBXBuildFile; fileRef = F09552EC1B5C47CD00D054C6 /* CommentCell.m */; };
		F0C67A761B597D35009BA3C1 /* images.jpeg in Resources */ = {isa = PBXBuildFile; fileRef = F0C67A751B597D35009BA3C1 /* images.jpeg */; };
		F0DBEC221B4EEE3D007CF992 /* KeychainItemWrapper.m in Sources */ = {isa = PBXBuildFile; fileRef = F0DBEC211B4EEE3D007CF992 /* KeychainItemWrapper.m */; settings = {COMPILER_FLAGS = "-fno-objc-arc"; }; };
		F0DBEC261B4EF701007CF992 /* USTServiceProvider.m in Sources */ = {isa = PBXBuildFile; fileRef = F0DBEC251B4EF701007CF992 /* USTServiceProvider.m */; };
/* End PBXBuildFile section */

/* Begin PBXContainerItemProxy section */
		F07A19551B1CCF2800A67D85 /* PBXContainerItemProxy */ = {
			isa = PBXContainerItemProxy;
			containerPortal = F07A19301B1CCF2800A67D85 /* Project object */;
			proxyType = 1;
			remoteGlobalIDString = F07A19371B1CCF2800A67D85;
			remoteInfo = USTCalander;
		};
/* End PBXContainerItemProxy section */

/* Begin PBXFileReference section */
		E82062101B51529C0020BC11 /* RootContainerView.h */ = {isa = PBXFileReference; fileEncoding = 4; lastKnownFileType = sourcecode.c.h; path = RootContainerView.h; sourceTree = "<group>"; };
		E82062111B51529C0020BC11 /* RootContainerView.m */ = {isa = PBXFileReference; fileEncoding = 4; lastKnownFileType = sourcecode.c.objc; path = RootContainerView.m; sourceTree = "<group>"; };
		E82062141B516C8B0020BC11 /* ContainerBridgeView.h */ = {isa = PBXFileReference; fileEncoding = 4; lastKnownFileType = sourcecode.c.h; path = ContainerBridgeView.h; sourceTree = "<group>"; };
		E82062151B516C8B0020BC11 /* ContainerBridgeView.m */ = {isa = PBXFileReference; fileEncoding = 4; lastKnownFileType = sourcecode.c.objc; path = ContainerBridgeView.m; sourceTree = "<group>"; };
		E88AC1501B56DC6600E8AAD2 /* AgendaActivity.h */ = {isa = PBXFileReference; fileEncoding = 4; lastKnownFileType = sourcecode.c.h; path = AgendaActivity.h; sourceTree = "<group>"; };
		E88AC1511B56DC6600E8AAD2 /* AgendaActivity.m */ = {isa = PBXFileReference; fileEncoding = 4; lastKnownFileType = sourcecode.c.objc; path = AgendaActivity.m; sourceTree = "<group>"; };
		E88AC1531B56DC7800E8AAD2 /* AgendaAbout.h */ = {isa = PBXFileReference; fileEncoding = 4; lastKnownFileType = sourcecode.c.h; path = AgendaAbout.h; sourceTree = "<group>"; };
		E88AC1541B56DC7800E8AAD2 /* AgendaAbout.m */ = {isa = PBXFileReference; fileEncoding = 4; lastKnownFileType = sourcecode.c.objc; path = AgendaAbout.m; sourceTree = "<group>"; };
		E894B6451B56F8DF000F44B4 /* AttendeesController.h */ = {isa = PBXFileReference; fileEncoding = 4; lastKnownFileType = sourcecode.c.h; path = AttendeesController.h; sourceTree = "<group>"; };
		E894B6461B56F8DF000F44B4 /* AttendeesController.m */ = {isa = PBXFileReference; fileEncoding = 4; lastKnownFileType = sourcecode.c.objc; path = AttendeesController.m; sourceTree = "<group>"; };
		E894B6481B56FBB6000F44B4 /* AttendeesFeedCell.h */ = {isa = PBXFileReference; fileEncoding = 4; lastKnownFileType = sourcecode.c.h; path = AttendeesFeedCell.h; sourceTree = "<group>"; };
		E894B6491B56FBB6000F44B4 /* AttendeesFeedCell.m */ = {isa = PBXFileReference; fileEncoding = 4; lastKnownFileType = sourcecode.c.objc; path = AttendeesFeedCell.m; sourceTree = "<group>"; };
		E8C91CA51B5C09C200FD96B6 /* SpeakerDetailView.h */ = {isa = PBXFileReference; fileEncoding = 4; lastKnownFileType = sourcecode.c.h; path = SpeakerDetailView.h; sourceTree = "<group>"; };
		E8C91CA61B5C09C200FD96B6 /* SpeakerDetailView.m */ = {isa = PBXFileReference; fileEncoding = 4; lastKnownFileType = sourcecode.c.objc; path = SpeakerDetailView.m; sourceTree = "<group>"; };
		E8C91CA81B5C365500FD96B6 /* SpeakerAboutView.h */ = {isa = PBXFileReference; fileEncoding = 4; lastKnownFileType = sourcecode.c.h; path = SpeakerAboutView.h; sourceTree = "<group>"; };
		E8C91CA91B5C365500FD96B6 /* SpeakerAboutView.m */ = {isa = PBXFileReference; fileEncoding = 4; lastKnownFileType = sourcecode.c.objc; path = SpeakerAboutView.m; sourceTree = "<group>"; };
		E8CB6F3D1B556C7800FDA950 /* AgendaDetailView.h */ = {isa = PBXFileReference; fileEncoding = 4; lastKnownFileType = sourcecode.c.h; path = AgendaDetailView.h; sourceTree = "<group>"; };
		E8CB6F3E1B556C7800FDA950 /* AgendaDetailView.m */ = {isa = PBXFileReference; fileEncoding = 4; lastKnownFileType = sourcecode.c.objc; path = AgendaDetailView.m; sourceTree = "<group>"; };
		E8E5500A1B58174B00731ADB /* LeaderBoardView.h */ = {isa = PBXFileReference; fileEncoding = 4; lastKnownFileType = sourcecode.c.h; path = LeaderBoardView.h; sourceTree = "<group>"; };
		E8E5500B1B58174B00731ADB /* LeaderBoardView.m */ = {isa = PBXFileReference; fileEncoding = 4; lastKnownFileType = sourcecode.c.objc; path = LeaderBoardView.m; sourceTree = "<group>"; };
		E8E5500D1B581C7200731ADB /* LeaderBoardCell.h */ = {isa = PBXFileReference; fileEncoding = 4; lastKnownFileType = sourcecode.c.h; path = LeaderBoardCell.h; sourceTree = "<group>"; };
		E8E5500E1B581C7200731ADB /* LeaderBoardCell.m */ = {isa = PBXFileReference; fileEncoding = 4; lastKnownFileType = sourcecode.c.objc; path = LeaderBoardCell.m; sourceTree = "<group>"; };
		E8E550101B581DCA00731ADB /* SpeakerView.h */ = {isa = PBXFileReference; fileEncoding = 4; lastKnownFileType = sourcecode.c.h; path = SpeakerView.h; sourceTree = "<group>"; };
		E8E550111B581DCA00731ADB /* SpeakerView.m */ = {isa = PBXFileReference; fileEncoding = 4; lastKnownFileType = sourcecode.c.objc; path = SpeakerView.m; sourceTree = "<group>"; };
		E8E550141B58220B00731ADB /* SpeakerCollectionCell.h */ = {isa = PBXFileReference; fileEncoding = 4; lastKnownFileType = sourcecode.c.h; path = SpeakerCollectionCell.h; sourceTree = "<group>"; };
		E8E550151B58220B00731ADB /* SpeakerCollectionCell.m */ = {isa = PBXFileReference; fileEncoding = 4; lastKnownFileType = sourcecode.c.objc; path = SpeakerCollectionCell.m; sourceTree = "<group>"; };
		E8FA7DEE1B4EDD310066F5A3 /* AgendaFeedCell.h */ = {isa = PBXFileReference; fileEncoding = 4; lastKnownFileType = sourcecode.c.h; path = AgendaFeedCell.h; sourceTree = "<group>"; };
		E8FA7DEF1B4EDD310066F5A3 /* AgendaFeedCell.m */ = {isa = PBXFileReference; fileEncoding = 4; lastKnownFileType = sourcecode.c.objc; path = AgendaFeedCell.m; sourceTree = "<group>"; };
		F033B1781B1DC29B0018B8CC /* ActivityFeedCell.h */ = {isa = PBXFileReference; fileEncoding = 4; lastKnownFileType = sourcecode.c.h; path = ActivityFeedCell.h; sourceTree = "<group>"; };
		F033B1791B1DC29B0018B8CC /* ActivityFeedCell.m */ = {isa = PBXFileReference; fileEncoding = 4; lastKnownFileType = sourcecode.c.objc; path = ActivityFeedCell.m; sourceTree = "<group>"; };
		F033B17A1B1DC29B0018B8CC /* ActivityFeedCell.xib */ = {isa = PBXFileReference; fileEncoding = 4; lastKnownFileType = file.xib; path = ActivityFeedCell.xib; sourceTree = "<group>"; };
		F034B2C11B4D92A90063B4A5 /* LoginViewController.h */ = {isa = PBXFileReference; fileEncoding = 4; lastKnownFileType = sourcecode.c.h; path = LoginViewController.h; sourceTree = "<group>"; };
		F034B2C21B4D92A90063B4A5 /* LoginViewController.m */ = {isa = PBXFileReference; fileEncoding = 4; lastKnownFileType = sourcecode.c.objc; path = LoginViewController.m; sourceTree = "<group>"; };
		F04FCB651B4711DE0046AD2B /* SlidebarTableViewCell.h */ = {isa = PBXFileReference; fileEncoding = 4; lastKnownFileType = sourcecode.c.h; path = SlidebarTableViewCell.h; sourceTree = "<group>"; };
		F04FCB661B4711DE0046AD2B /* SlidebarTableViewCell.m */ = {isa = PBXFileReference; fileEncoding = 4; lastKnownFileType = sourcecode.c.objc; path = SlidebarTableViewCell.m; sourceTree = "<group>"; };
		F04FCB671B4711DE0046AD2B /* SlidebarTableViewCell.xib */ = {isa = PBXFileReference; fileEncoding = 4; lastKnownFileType = file.xib; path = SlidebarTableViewCell.xib; sourceTree = "<group>"; };
		F04FCB6A1B4713CC0046AD2B /* SlideBarTitleTableViewCell.h */ = {isa = PBXFileReference; fileEncoding = 4; lastKnownFileType = sourcecode.c.h; path = SlideBarTitleTableViewCell.h; sourceTree = "<group>"; };
		F04FCB6B1B4713CC0046AD2B /* SlideBarTitleTableViewCell.m */ = {isa = PBXFileReference; fileEncoding = 4; lastKnownFileType = sourcecode.c.objc; path = SlideBarTitleTableViewCell.m; sourceTree = "<group>"; };
		F04FCB6C1B4713CC0046AD2B /* SlideBarTitleTableViewCell.xib */ = {isa = PBXFileReference; fileEncoding = 4; lastKnownFileType = file.xib; path = SlideBarTitleTableViewCell.xib; sourceTree = "<group>"; };
		F05EC3EB1B55A4D100894E95 /* ActivityPage.png */ = {isa = PBXFileReference; lastKnownFileType = image.png; path = ActivityPage.png; sourceTree = "<group>"; };
		F0614CC31B5EE11A00E80C5F /* sent.png */ = {isa = PBXFileReference; lastKnownFileType = image.png; path = sent.png; sourceTree = "<group>"; };
		F0655EBF1B4B228C00D064B6 /* BaseViewController.h */ = {isa = PBXFileReference; fileEncoding = 4; lastKnownFileType = sourcecode.c.h; path = BaseViewController.h; sourceTree = "<group>"; };
		F0655EC01B4B228C00D064B6 /* BaseViewController.m */ = {isa = PBXFileReference; fileEncoding = 4; lastKnownFileType = sourcecode.c.objc; path = BaseViewController.m; sourceTree = "<group>"; };
		F0655EC21B4B22AC00D064B6 /* BaseView.h */ = {isa = PBXFileReference; fileEncoding = 4; lastKnownFileType = sourcecode.c.h; path = BaseView.h; sourceTree = "<group>"; };
		F0655EC31B4B22AC00D064B6 /* BaseView.m */ = {isa = PBXFileReference; fileEncoding = 4; lastKnownFileType = sourcecode.c.objc; path = BaseView.m; sourceTree = "<group>"; };
		F0655EC51B4B22DE00D064B6 /* BaseView.xib */ = {isa = PBXFileReference; fileEncoding = 4; lastKnownFileType = file.xib; path = BaseView.xib; sourceTree = "<group>"; };
		F0655EC81B4B2A3C00D064B6 /* AgendaViewController.h */ = {isa = PBXFileReference; fileEncoding = 4; lastKnownFileType = sourcecode.c.h; path = AgendaViewController.h; sourceTree = "<group>"; };
		F0655EC91B4B2A3C00D064B6 /* AgendaViewController.m */ = {isa = PBXFileReference; fileEncoding = 4; lastKnownFileType = sourcecode.c.objc; path = AgendaViewController.m; sourceTree = "<group>"; };
		F0655ECC1B4B2B7700D064B6 /* USTUser.h */ = {isa = PBXFileReference; fileEncoding = 4; lastKnownFileType = sourcecode.c.h; path = USTUser.h; sourceTree = "<group>"; };
		F0655ECD1B4B2B7700D064B6 /* USTUser.m */ = {isa = PBXFileReference; fileEncoding = 4; lastKnownFileType = sourcecode.c.objc; path = USTUser.m; sourceTree = "<group>"; };
		F0655ED01B4B2BE300D064B6 /* USTRequest.h */ = {isa = PBXFileReference; fileEncoding = 4; lastKnownFileType = sourcecode.c.h; path = USTRequest.h; sourceTree = "<group>"; };
		F0655ED11B4B2BE300D064B6 /* USTRequest.m */ = {isa = PBXFileReference; fileEncoding = 4; lastKnownFileType = sourcecode.c.objc; path = USTRequest.m; sourceTree = "<group>"; };
		F069617F1B5BD129008A4F67 /* AddPostViewController.h */ = {isa = PBXFileReference; fileEncoding = 4; lastKnownFileType = sourcecode.c.h; path = AddPostViewController.h; sourceTree = "<group>"; };
		F06961801B5BD129008A4F67 /* AddPostViewController.m */ = {isa = PBXFileReference; fileEncoding = 4; lastKnownFileType = sourcecode.c.objc; path = AddPostViewController.m; sourceTree = "<group>"; };
		F07A19381B1CCF2800A67D85 /* USTCalander.app */ = {isa = PBXFileReference; explicitFileType = wrapper.application; includeInIndex = 0; path = USTCalander.app; sourceTree = BUILT_PRODUCTS_DIR; };
		F07A193C1B1CCF2800A67D85 /* Info.plist */ = {isa = PBXFileReference; lastKnownFileType = text.plist.xml; path = Info.plist; sourceTree = "<group>"; };
		F07A193D1B1CCF2800A67D85 /* main.m */ = {isa = PBXFileReference; lastKnownFileType = sourcecode.c.objc; path = main.m; sourceTree = "<group>"; };
		F07A193F1B1CCF2800A67D85 /* AppDelegate.h */ = {isa = PBXFileReference; lastKnownFileType = sourcecode.c.h; path = AppDelegate.h; sourceTree = "<group>"; };
		F07A19401B1CCF2800A67D85 /* AppDelegate.m */ = {isa = PBXFileReference; lastKnownFileType = sourcecode.c.objc; path = AppDelegate.m; sourceTree = "<group>"; };
		F07A19431B1CCF2800A67D85 /* USTCalander.xcdatamodel */ = {isa = PBXFileReference; lastKnownFileType = wrapper.xcdatamodel; path = USTCalander.xcdatamodel; sourceTree = "<group>"; };
		F07A19451B1CCF2800A67D85 /* ViewController.h */ = {isa = PBXFileReference; lastKnownFileType = sourcecode.c.h; path = ViewController.h; sourceTree = "<group>"; };
		F07A19461B1CCF2800A67D85 /* ViewController.m */ = {isa = PBXFileReference; lastKnownFileType = sourcecode.c.objc; path = ViewController.m; sourceTree = "<group>"; };
		F07A19491B1CCF2800A67D85 /* Base */ = {isa = PBXFileReference; lastKnownFileType = file.storyboard; name = Base; path = Base.lproj/Main.storyboard; sourceTree = "<group>"; };
		F07A194B1B1CCF2800A67D85 /* Images.xcassets */ = {isa = PBXFileReference; lastKnownFileType = folder.assetcatalog; path = Images.xcassets; sourceTree = "<group>"; };
		F07A194E1B1CCF2800A67D85 /* Base */ = {isa = PBXFileReference; lastKnownFileType = file.xib; name = Base; path = Base.lproj/LaunchScreen.xib; sourceTree = "<group>"; };
		F07A19541B1CCF2800A67D85 /* USTCalanderTests.xctest */ = {isa = PBXFileReference; explicitFileType = wrapper.cfbundle; includeInIndex = 0; path = USTCalanderTests.xctest; sourceTree = BUILT_PRODUCTS_DIR; };
		F07A19591B1CCF2800A67D85 /* Info.plist */ = {isa = PBXFileReference; lastKnownFileType = text.plist.xml; path = Info.plist; sourceTree = "<group>"; };
		F07A195A1B1CCF2800A67D85 /* USTCalanderTests.m */ = {isa = PBXFileReference; lastKnownFileType = sourcecode.c.objc; path = USTCalanderTests.m; sourceTree = "<group>"; };
		F07A19651B1CD61F00A67D85 /* SWRevealViewController.h */ = {isa = PBXFileReference; fileEncoding = 4; lastKnownFileType = sourcecode.c.h; path = SWRevealViewController.h; sourceTree = "<group>"; };
		F07A19661B1CD61F00A67D85 /* SWRevealViewController.m */ = {isa = PBXFileReference; fileEncoding = 4; lastKnownFileType = sourcecode.c.objc; path = SWRevealViewController.m; sourceTree = "<group>"; };
		F07A19691B1CD85C00A67D85 /* SideBarViewController.h */ = {isa = PBXFileReference; fileEncoding = 4; lastKnownFileType = sourcecode.c.h; path = SideBarViewController.h; sourceTree = "<group>"; };
		F07A196A1B1CD85C00A67D85 /* SideBarViewController.m */ = {isa = PBXFileReference; fileEncoding = 4; lastKnownFileType = sourcecode.c.objc; path = SideBarViewController.m; sourceTree = "<group>"; };
		F0819A421B4C598300714609 /* USTDataCache.h */ = {isa = PBXFileReference; fileEncoding = 4; lastKnownFileType = sourcecode.c.h; path = USTDataCache.h; sourceTree = "<group>"; };
		F0819A431B4C598300714609 /* USTDataCache.m */ = {isa = PBXFileReference; fileEncoding = 4; lastKnownFileType = sourcecode.c.objc; path = USTDataCache.m; sourceTree = "<group>"; };
		F0819A451B4C5A5500714609 /* USTDataCacheHandler.h */ = {isa = PBXFileReference; fileEncoding = 4; lastKnownFileType = sourcecode.c.h; path = USTDataCacheHandler.h; sourceTree = "<group>"; };
		F0819A461B4C5A5500714609 /* USTDataCacheHandler.m */ = {isa = PBXFileReference; fileEncoding = 4; lastKnownFileType = sourcecode.c.objc; path = USTDataCacheHandler.m; sourceTree = "<group>"; };
		F09552E41B5C3EA200D054C6 /* CommentViewController.h */ = {isa = PBXFileReference; fileEncoding = 4; lastKnownFileType = sourcecode.c.h; path = CommentViewController.h; sourceTree = "<group>"; };
		F09552E51B5C3EA200D054C6 /* CommentViewController.m */ = {isa = PBXFileReference; fileEncoding = 4; lastKnownFileType = sourcecode.c.objc; path = CommentViewController.m; sourceTree = "<group>"; };
		F09552E61B5C3EA200D054C6 /* CommentViewController.xib */ = {isa = PBXFileReference; fileEncoding = 4; lastKnownFileType = file.xib; path = CommentViewController.xib; sourceTree = "<group>"; };
		F09552E91B5C417600D054C6 /* Agenda.storyboard */ = {isa = PBXFileReference; fileEncoding = 4; lastKnownFileType = file.storyboard; path = Agenda.storyboard; sourceTree = "<group>"; };
		F09552EB1B5C47CD00D054C6 /* CommentCell.h */ = {isa = PBXFileReference; fileEncoding = 4; lastKnownFileType = sourcecode.c.h; path = CommentCell.h; sourceTree = "<group>"; };
		F09552EC1B5C47CD00D054C6 /* CommentCell.m */ = {isa = PBXFileReference; fileEncoding = 4; lastKnownFileType = sourcecode.c.objc; path = CommentCell.m; sourceTree = "<group>"; };
		F0C67A751B597D35009BA3C1 /* images.jpeg */ = {isa = PBXFileReference; lastKnownFileType = image.jpeg; path = images.jpeg; sourceTree = "<group>"; };
		F0DBEC201B4EEE3D007CF992 /* KeychainItemWrapper.h */ = {isa = PBXFileReference; fileEncoding = 4; lastKnownFileType = sourcecode.c.h; path = KeychainItemWrapper.h; sourceTree = "<group>"; };
		F0DBEC211B4EEE3D007CF992 /* KeychainItemWrapper.m */ = {isa = PBXFileReference; fileEncoding = 4; lastKnownFileType = sourcecode.c.objc; path = KeychainItemWrapper.m; sourceTree = "<group>"; };
		F0DBEC231B4EF338007CF992 /* Constants.h */ = {isa = PBXFileReference; lastKnownFileType = sourcecode.c.h; path = Constants.h; sourceTree = "<group>"; };
		F0DBEC241B4EF701007CF992 /* USTServiceProvider.h */ = {isa = PBXFileReference; fileEncoding = 4; lastKnownFileType = sourcecode.c.h; path = USTServiceProvider.h; sourceTree = "<group>"; };
		F0DBEC251B4EF701007CF992 /* USTServiceProvider.m */ = {isa = PBXFileReference; fileEncoding = 4; lastKnownFileType = sourcecode.c.objc; path = USTServiceProvider.m; sourceTree = "<group>"; };
/* End PBXFileReference section */

/* Begin PBXFrameworksBuildPhase section */
		F07A19351B1CCF2800A67D85 /* Frameworks */ = {
			isa = PBXFrameworksBuildPhase;
			buildActionMask = 2147483647;
			files = (
			);
			runOnlyForDeploymentPostprocessing = 0;
		};
		F07A19511B1CCF2800A67D85 /* Frameworks */ = {
			isa = PBXFrameworksBuildPhase;
			buildActionMask = 2147483647;
			files = (
			);
			runOnlyForDeploymentPostprocessing = 0;
		};
/* End PBXFrameworksBuildPhase section */

/* Begin PBXGroup section */
		E82062131B516BF50020BC11 /* CustomRootView */ = {
			isa = PBXGroup;
			children = (
				E82062101B51529C0020BC11 /* RootContainerView.h */,
				E82062111B51529C0020BC11 /* RootContainerView.m */,
				E82062141B516C8B0020BC11 /* ContainerBridgeView.h */,
				E82062151B516C8B0020BC11 /* ContainerBridgeView.m */,
			);
			name = CustomRootView;
			sourceTree = "<group>";
		};
		E894B6441B56F8B3000F44B4 /* Attendees */ = {
			isa = PBXGroup;
			children = (
				E894B6451B56F8DF000F44B4 /* AttendeesController.h */,
				E894B6461B56F8DF000F44B4 /* AttendeesController.m */,
				E894B6481B56FBB6000F44B4 /* AttendeesFeedCell.h */,
				E894B6491B56FBB6000F44B4 /* AttendeesFeedCell.m */,
			);
			name = Attendees;
			sourceTree = "<group>";
		};
		E8E550091B58172700731ADB /* Leaderboard */ = {
			isa = PBXGroup;
			children = (
				E8E5500A1B58174B00731ADB /* LeaderBoardView.h */,
				E8E5500B1B58174B00731ADB /* LeaderBoardView.m */,
				E8E5500D1B581C7200731ADB /* LeaderBoardCell.h */,
				E8E5500E1B581C7200731ADB /* LeaderBoardCell.m */,
			);
			name = Leaderboard;
			sourceTree = "<group>";
		};
		E8E550131B581DD700731ADB /* Speaker */ = {
			isa = PBXGroup;
			children = (
				E8E550101B581DCA00731ADB /* SpeakerView.h */,
				E8E550111B581DCA00731ADB /* SpeakerView.m */,
				E8C91CA51B5C09C200FD96B6 /* SpeakerDetailView.h */,
				E8C91CA61B5C09C200FD96B6 /* SpeakerDetailView.m */,
				E8C91CA81B5C365500FD96B6 /* SpeakerAboutView.h */,
				E8C91CA91B5C365500FD96B6 /* SpeakerAboutView.m */,
				E8E550141B58220B00731ADB /* SpeakerCollectionCell.h */,
				E8E550151B58220B00731ADB /* SpeakerCollectionCell.m */,
			);
			name = Speaker;
			sourceTree = "<group>";
		};
		F033B1771B1DC2310018B8CC /* ActivityFeedCell */ = {
			isa = PBXGroup;
			children = (
				F033B1781B1DC29B0018B8CC /* ActivityFeedCell.h */,
				F033B1791B1DC29B0018B8CC /* ActivityFeedCell.m */,
				F033B17A1B1DC29B0018B8CC /* ActivityFeedCell.xib */,
				F069617F1B5BD129008A4F67 /* AddPostViewController.h */,
				F06961801B5BD129008A4F67 /* AddPostViewController.m */,
			);
			name = ActivityFeedCell;
			sourceTree = "<group>";
		};
		F034B2C01B4D92860063B4A5 /* LoginView */ = {
			isa = PBXGroup;
			children = (
				F034B2C11B4D92A90063B4A5 /* LoginViewController.h */,
				F034B2C21B4D92A90063B4A5 /* LoginViewController.m */,
			);
			name = LoginView;
			sourceTree = "<group>";
		};
		F0655EBE1B4B226900D064B6 /* Base */ = {
			isa = PBXGroup;
			children = (
				F0655EBF1B4B228C00D064B6 /* BaseViewController.h */,
				F0655EC01B4B228C00D064B6 /* BaseViewController.m */,
				F0655EC21B4B22AC00D064B6 /* BaseView.h */,
				F0655EC31B4B22AC00D064B6 /* BaseView.m */,
				F0655EC51B4B22DE00D064B6 /* BaseView.xib */,
			);
			name = Base;
			sourceTree = "<group>";
		};
		F0655EC71B4B29D300D064B6 /* Agenda */ = {
			isa = PBXGroup;
			children = (
				F0655EC81B4B2A3C00D064B6 /* AgendaViewController.h */,
				F0655EC91B4B2A3C00D064B6 /* AgendaViewController.m */,
				E8CB6F3D1B556C7800FDA950 /* AgendaDetailView.h */,
				E8CB6F3E1B556C7800FDA950 /* AgendaDetailView.m */,
				E88AC1501B56DC6600E8AAD2 /* AgendaActivity.h */,
				E88AC1511B56DC6600E8AAD2 /* AgendaActivity.m */,
				E88AC1531B56DC7800E8AAD2 /* AgendaAbout.h */,
				E88AC1541B56DC7800E8AAD2 /* AgendaAbout.m */,
				E8FA7DEE1B4EDD310066F5A3 /* AgendaFeedCell.h */,
				E8FA7DEF1B4EDD310066F5A3 /* AgendaFeedCell.m */,
			);
			name = Agenda;
			sourceTree = "<group>";
		};
		F0655ECB1B4B2B5900D064B6 /* User */ = {
			isa = PBXGroup;
			children = (
				F0655ECC1B4B2B7700D064B6 /* USTUser.h */,
				F0655ECD1B4B2B7700D064B6 /* USTUser.m */,
			);
			name = User;
			sourceTree = "<group>";
		};
		F0655ECF1B4B2BC200D064B6 /* Webservice */ = {
			isa = PBXGroup;
			children = (
				F0819A421B4C598300714609 /* USTDataCache.h */,
				F0819A431B4C598300714609 /* USTDataCache.m */,
				F0655ED01B4B2BE300D064B6 /* USTRequest.h */,
				F0655ED11B4B2BE300D064B6 /* USTRequest.m */,
				F0819A451B4C5A5500714609 /* USTDataCacheHandler.h */,
				F0819A461B4C5A5500714609 /* USTDataCacheHandler.m */,
				F0DBEC241B4EF701007CF992 /* USTServiceProvider.h */,
				F0DBEC251B4EF701007CF992 /* USTServiceProvider.m */,
			);
			name = Webservice;
			sourceTree = "<group>";
		};
		F07A192F1B1CCF2800A67D85 = {
			isa = PBXGroup;
			children = (
				F07A193A1B1CCF2800A67D85 /* USTCalander */,
				F07A19571B1CCF2800A67D85 /* USTCalanderTests */,
				F07A19391B1CCF2800A67D85 /* Products */,
			);
			sourceTree = "<group>";
		};
		F07A19391B1CCF2800A67D85 /* Products */ = {
			isa = PBXGroup;
			children = (
				F07A19381B1CCF2800A67D85 /* USTCalander.app */,
				F07A19541B1CCF2800A67D85 /* USTCalanderTests.xctest */,
			);
			name = Products;
			sourceTree = "<group>";
		};
		F07A193A1B1CCF2800A67D85 /* USTCalander */ = {
			isa = PBXGroup;
			children = (
				F09552E31B5C3E8600D054C6 /* comment */,
				E8E550131B581DD700731ADB /* Speaker */,
				E8E550091B58172700731ADB /* Leaderboard */,
				E894B6441B56F8B3000F44B4 /* Attendees */,
				F0DBEC1F1B4EEE12007CF992 /* Security */,
				F034B2C01B4D92860063B4A5 /* LoginView */,
				F0655ECF1B4B2BC200D064B6 /* Webservice */,
				F0655ECB1B4B2B5900D064B6 /* User */,
				F0655EBE1B4B226900D064B6 /* Base */,
				F0655EC71B4B29D300D064B6 /* Agenda */,
				F033B1771B1DC2310018B8CC /* ActivityFeedCell */,
				F07A19681B1CD7C700A67D85 /* SideBar */,
				F07A19641B1CD5B500A67D85 /* slideViewController */,
				F07A193F1B1CCF2800A67D85 /* AppDelegate.h */,
				F07A19401B1CCF2800A67D85 /* AppDelegate.m */,
				F0DBEC231B4EF338007CF992 /* Constants.h */,
				F07A19451B1CCF2800A67D85 /* ViewController.h */,
				F07A19461B1CCF2800A67D85 /* ViewController.m */,
				E82062131B516BF50020BC11 /* CustomRootView */,
				F07A19481B1CCF2800A67D85 /* Main.storyboard */,
				F09552E91B5C417600D054C6 /* Agenda.storyboard */,
				F07A194B1B1CCF2800A67D85 /* Images.xcassets */,
				F07A194D1B1CCF2800A67D85 /* LaunchScreen.xib */,
				F07A19421B1CCF2800A67D85 /* USTCalander.xcdatamodeld */,
				F07A193B1B1CCF2800A67D85 /* Supporting Files */,
			);
			path = USTCalander;
			sourceTree = "<group>";
		};
		F07A193B1B1CCF2800A67D85 /* Supporting Files */ = {
			isa = PBXGroup;
			children = (
				F0614CC31B5EE11A00E80C5F /* sent.png */,
				F0C67A751B597D35009BA3C1 /* images.jpeg */,
				F05EC3EB1B55A4D100894E95 /* ActivityPage.png */,
				F07A193C1B1CCF2800A67D85 /* Info.plist */,
				F07A193D1B1CCF2800A67D85 /* main.m */,
			);
			name = "Supporting Files";
			sourceTree = "<group>";
		};
		F07A19571B1CCF2800A67D85 /* USTCalanderTests */ = {
			isa = PBXGroup;
			children = (
				F07A195A1B1CCF2800A67D85 /* USTCalanderTests.m */,
				F07A19581B1CCF2800A67D85 /* Supporting Files */,
			);
			path = USTCalanderTests;
			sourceTree = "<group>";
		};
		F07A19581B1CCF2800A67D85 /* Supporting Files */ = {
			isa = PBXGroup;
			children = (
				F07A19591B1CCF2800A67D85 /* Info.plist */,
			);
			name = "Supporting Files";
			sourceTree = "<group>";
		};
		F07A19641B1CD5B500A67D85 /* slideViewController */ = {
			isa = PBXGroup;
			children = (
				F07A19651B1CD61F00A67D85 /* SWRevealViewController.h */,
				F07A19661B1CD61F00A67D85 /* SWRevealViewController.m */,
			);
			name = slideViewController;
			sourceTree = "<group>";
		};
		F07A19681B1CD7C700A67D85 /* SideBar */ = {
			isa = PBXGroup;
			children = (
				F07A19691B1CD85C00A67D85 /* SideBarViewController.h */,
				F07A196A1B1CD85C00A67D85 /* SideBarViewController.m */,
				F04FCB651B4711DE0046AD2B /* SlidebarTableViewCell.h */,
				F04FCB661B4711DE0046AD2B /* SlidebarTableViewCell.m */,
				F04FCB671B4711DE0046AD2B /* SlidebarTableViewCell.xib */,
				F04FCB6A1B4713CC0046AD2B /* SlideBarTitleTableViewCell.h */,
				F04FCB6B1B4713CC0046AD2B /* SlideBarTitleTableViewCell.m */,
				F04FCB6C1B4713CC0046AD2B /* SlideBarTitleTableViewCell.xib */,
			);
			name = SideBar;
			sourceTree = "<group>";
		};
		F09552E31B5C3E8600D054C6 /* comment */ = {
			isa = PBXGroup;
			children = (
				F09552E41B5C3EA200D054C6 /* CommentViewController.h */,
				F09552E51B5C3EA200D054C6 /* CommentViewController.m */,
				F09552E61B5C3EA200D054C6 /* CommentViewController.xib */,
				F09552EB1B5C47CD00D054C6 /* CommentCell.h */,
				F09552EC1B5C47CD00D054C6 /* CommentCell.m */,
			);
			name = comment;
			sourceTree = "<group>";
		};
		F0DBEC1F1B4EEE12007CF992 /* Security */ = {
			isa = PBXGroup;
			children = (
				F0DBEC201B4EEE3D007CF992 /* KeychainItemWrapper.h */,
				F0DBEC211B4EEE3D007CF992 /* KeychainItemWrapper.m */,
			);
			name = Security;
			sourceTree = "<group>";
		};
/* End PBXGroup section */

/* Begin PBXNativeTarget section */
		F07A19371B1CCF2800A67D85 /* USTCalander */ = {
			isa = PBXNativeTarget;
			buildConfigurationList = F07A195E1B1CCF2800A67D85 /* Build configuration list for PBXNativeTarget "USTCalander" */;
			buildPhases = (
				F07A19341B1CCF2800A67D85 /* Sources */,
				F07A19351B1CCF2800A67D85 /* Frameworks */,
				F07A19361B1CCF2800A67D85 /* Resources */,
			);
			buildRules = (
			);
			dependencies = (
			);
			name = USTCalander;
			productName = USTCalander;
			productReference = F07A19381B1CCF2800A67D85 /* USTCalander.app */;
			productType = "com.apple.product-type.application";
		};
		F07A19531B1CCF2800A67D85 /* USTCalanderTests */ = {
			isa = PBXNativeTarget;
			buildConfigurationList = F07A19611B1CCF2800A67D85 /* Build configuration list for PBXNativeTarget "USTCalanderTests" */;
			buildPhases = (
				F07A19501B1CCF2800A67D85 /* Sources */,
				F07A19511B1CCF2800A67D85 /* Frameworks */,
				F07A19521B1CCF2800A67D85 /* Resources */,
			);
			buildRules = (
			);
			dependencies = (
				F07A19561B1CCF2800A67D85 /* PBXTargetDependency */,
			);
			name = USTCalanderTests;
			productName = USTCalanderTests;
			productReference = F07A19541B1CCF2800A67D85 /* USTCalanderTests.xctest */;
			productType = "com.apple.product-type.bundle.unit-test";
		};
/* End PBXNativeTarget section */

/* Begin PBXProject section */
		F07A19301B1CCF2800A67D85 /* Project object */ = {
			isa = PBXProject;
			attributes = {
				LastUpgradeCheck = 0630;
				ORGANIZATIONNAME = Amruth;
				TargetAttributes = {
					F07A19371B1CCF2800A67D85 = {
						CreatedOnToolsVersion = 6.3.2;
					};
					F07A19531B1CCF2800A67D85 = {
						CreatedOnToolsVersion = 6.3.2;
						TestTargetID = F07A19371B1CCF2800A67D85;
					};
				};
			};
			buildConfigurationList = F07A19331B1CCF2800A67D85 /* Build configuration list for PBXProject "USTCalander" */;
			compatibilityVersion = "Xcode 3.2";
			developmentRegion = English;
			hasScannedForEncodings = 0;
			knownRegions = (
				en,
				Base,
			);
			mainGroup = F07A192F1B1CCF2800A67D85;
			productRefGroup = F07A19391B1CCF2800A67D85 /* Products */;
			projectDirPath = "";
			projectRoot = "";
			targets = (
				F07A19371B1CCF2800A67D85 /* USTCalander */,
				F07A19531B1CCF2800A67D85 /* USTCalanderTests */,
			);
		};
/* End PBXProject section */

/* Begin PBXResourcesBuildPhase section */
		F07A19361B1CCF2800A67D85 /* Resources */ = {
			isa = PBXResourcesBuildPhase;
			buildActionMask = 2147483647;
			files = (
				F0C67A761B597D35009BA3C1 /* images.jpeg in Resources */,
				F07A194A1B1CCF2800A67D85 /* Main.storyboard in Resources */,
				F09552E81B5C3EA200D054C6 /* CommentViewController.xib in Resources */,
				F07A194F1B1CCF2800A67D85 /* LaunchScreen.xib in Resources */,
				F033B17C1B1DC29B0018B8CC /* ActivityFeedCell.xib in Resources */,
				F0614CC41B5EE11A00E80C5F /* sent.png in Resources */,
				F05EC3EC1B55A4D100894E95 /* ActivityPage.png in Resources */,
				F04FCB691B4711DE0046AD2B /* SlidebarTableViewCell.xib in Resources */,
				F0655EC61B4B22DE00D064B6 /* BaseView.xib in Resources */,
				F04FCB6E1B4713CC0046AD2B /* SlideBarTitleTableViewCell.xib in Resources */,
				F07A194C1B1CCF2800A67D85 /* Images.xcassets in Resources */,
				F09552EA1B5C417600D054C6 /* Agenda.storyboard in Resources */,
			);
			runOnlyForDeploymentPostprocessing = 0;
		};
		F07A19521B1CCF2800A67D85 /* Resources */ = {
			isa = PBXResourcesBuildPhase;
			buildActionMask = 2147483647;
			files = (
			);
			runOnlyForDeploymentPostprocessing = 0;
		};
/* End PBXResourcesBuildPhase section */

/* Begin PBXSourcesBuildPhase section */
		F07A19341B1CCF2800A67D85 /* Sources */ = {
			isa = PBXSourcesBuildPhase;
			buildActionMask = 2147483647;
			files = (
				F06961811B5BD129008A4F67 /* AddPostViewController.m in Sources */,
				F0655EC41B4B22AC00D064B6 /* BaseView.m in Sources */,
				F033B17B1B1DC29B0018B8CC /* ActivityFeedCell.m in Sources */,
				E8CB6F3F1B556C7800FDA950 /* AgendaDetailView.m in Sources */,
				F0655EC11B4B228C00D064B6 /* BaseViewController.m in Sources */,
				F07A19441B1CCF2800A67D85 /* USTCalander.xcdatamodeld in Sources */,
				F0DBEC261B4EF701007CF992 /* USTServiceProvider.m in Sources */,
				E8E550121B581DCA00731ADB /* SpeakerView.m in Sources */,
				E82062161B516C8B0020BC11 /* ContainerBridgeView.m in Sources */,
				E894B6471B56F8DF000F44B4 /* AttendeesController.m in Sources */,
				F09552E71B5C3EA200D054C6 /* CommentViewController.m in Sources */,
				F07A19411B1CCF2800A67D85 /* AppDelegate.m in Sources */,
				E88AC1521B56DC6600E8AAD2 /* AgendaActivity.m in Sources */,
				F04FCB6D1B4713CC0046AD2B /* SlideBarTitleTableViewCell.m in Sources */,
				F04FCB681B4711DE0046AD2B /* SlidebarTableViewCell.m in Sources */,
				F034B2C31B4D92A90063B4A5 /* LoginViewController.m in Sources */,
				F0DBEC221B4EEE3D007CF992 /* KeychainItemWrapper.m in Sources */,
				F07A19671B1CD61F00A67D85 /* SWRevealViewController.m in Sources */,
				F0819A471B4C5A5500714609 /* USTDataCacheHandler.m in Sources */,
				F09552ED1B5C47CD00D054C6 /* CommentCell.m in Sources */,
				F0655ECA1B4B2A3C00D064B6 /* AgendaViewController.m in Sources */,
				E82062121B51529C0020BC11 /* RootContainerView.m in Sources */,
				E8C91CAA1B5C365500FD96B6 /* SpeakerAboutView.m in Sources */,
				E8E550161B58220B00731ADB /* SpeakerCollectionCell.m in Sources */,
				E8E5500F1B581C7200731ADB /* LeaderBoardCell.m in Sources */,
				E8C91CA71B5C09C200FD96B6 /* SpeakerDetailView.m in Sources */,
				E8FA7DF11B4EDD310066F5A3 /* AgendaFeedCell.m in Sources */,
				F07A196B1B1CD85C00A67D85 /* SideBarViewController.m in Sources */,
				E8E5500C1B58174B00731ADB /* LeaderBoardView.m in Sources */,
				E894B64A1B56FBB6000F44B4 /* AttendeesFeedCell.m in Sources */,
				F0655ED21B4B2BE300D064B6 /* USTRequest.m in Sources */,
				E88AC1551B56DC7800E8AAD2 /* AgendaAbout.m in Sources */,
				F0655ECE1B4B2B7700D064B6 /* USTUser.m in Sources */,
				F07A19471B1CCF2800A67D85 /* ViewController.m in Sources */,
				F0819A441B4C598300714609 /* USTDataCache.m in Sources */,
				F07A193E1B1CCF2800A67D85 /* main.m in Sources */,
			);
			runOnlyForDeploymentPostprocessing = 0;
		};
		F07A19501B1CCF2800A67D85 /* Sources */ = {
			isa = PBXSourcesBuildPhase;
			buildActionMask = 2147483647;
			files = (
				F07A195B1B1CCF2800A67D85 /* USTCalanderTests.m in Sources */,
			);
			runOnlyForDeploymentPostprocessing = 0;
		};
/* End PBXSourcesBuildPhase section */

/* Begin PBXTargetDependency section */
		F07A19561B1CCF2800A67D85 /* PBXTargetDependency */ = {
			isa = PBXTargetDependency;
			target = F07A19371B1CCF2800A67D85 /* USTCalander */;
			targetProxy = F07A19551B1CCF2800A67D85 /* PBXContainerItemProxy */;
		};
/* End PBXTargetDependency section */

/* Begin PBXVariantGroup section */
		F07A19481B1CCF2800A67D85 /* Main.storyboard */ = {
			isa = PBXVariantGroup;
			children = (
				F07A19491B1CCF2800A67D85 /* Base */,
			);
			name = Main.storyboard;
			sourceTree = "<group>";
		};
		F07A194D1B1CCF2800A67D85 /* LaunchScreen.xib */ = {
			isa = PBXVariantGroup;
			children = (
				F07A194E1B1CCF2800A67D85 /* Base */,
			);
			name = LaunchScreen.xib;
			sourceTree = "<group>";
		};
/* End PBXVariantGroup section */

/* Begin XCBuildConfiguration section */
		F07A195C1B1CCF2800A67D85 /* Debug */ = {
			isa = XCBuildConfiguration;
			buildSettings = {
				ALWAYS_SEARCH_USER_PATHS = NO;
				CLANG_CXX_LANGUAGE_STANDARD = "gnu++0x";
				CLANG_CXX_LIBRARY = "libc++";
				CLANG_ENABLE_MODULES = YES;
				CLANG_ENABLE_OBJC_ARC = YES;
				CLANG_WARN_BOOL_CONVERSION = YES;
				CLANG_WARN_CONSTANT_CONVERSION = YES;
				CLANG_WARN_DIRECT_OBJC_ISA_USAGE = YES_ERROR;
				CLANG_WARN_EMPTY_BODY = YES;
				CLANG_WARN_ENUM_CONVERSION = YES;
				CLANG_WARN_INT_CONVERSION = YES;
				CLANG_WARN_OBJC_ROOT_CLASS = YES_ERROR;
				CLANG_WARN_UNREACHABLE_CODE = YES;
				CLANG_WARN__DUPLICATE_METHOD_MATCH = YES;
				"CODE_SIGN_IDENTITY[sdk=iphoneos*]" = "iPhone Developer";
				COPY_PHASE_STRIP = NO;
				DEBUG_INFORMATION_FORMAT = "dwarf-with-dsym";
				ENABLE_STRICT_OBJC_MSGSEND = YES;
				GCC_C_LANGUAGE_STANDARD = gnu99;
				GCC_DYNAMIC_NO_PIC = NO;
				GCC_NO_COMMON_BLOCKS = YES;
				GCC_OPTIMIZATION_LEVEL = 0;
				GCC_PREPROCESSOR_DEFINITIONS = (
					"DEBUG=1",
					"$(inherited)",
				);
				GCC_SYMBOLS_PRIVATE_EXTERN = NO;
				GCC_WARN_64_TO_32_BIT_CONVERSION = YES;
				GCC_WARN_ABOUT_RETURN_TYPE = YES_ERROR;
				GCC_WARN_UNDECLARED_SELECTOR = YES;
				GCC_WARN_UNINITIALIZED_AUTOS = YES_AGGRESSIVE;
				GCC_WARN_UNUSED_FUNCTION = YES;
				GCC_WARN_UNUSED_VARIABLE = YES;
				IPHONEOS_DEPLOYMENT_TARGET = 8.3;
				MTL_ENABLE_DEBUG_INFO = YES;
				ONLY_ACTIVE_ARCH = YES;
				SDKROOT = iphoneos;
				TARGETED_DEVICE_FAMILY = "1,2";
			};
			name = Debug;
		};
		F07A195D1B1CCF2800A67D85 /* Release */ = {
			isa = XCBuildConfiguration;
			buildSettings = {
				ALWAYS_SEARCH_USER_PATHS = NO;
				CLANG_CXX_LANGUAGE_STANDARD = "gnu++0x";
				CLANG_CXX_LIBRARY = "libc++";
				CLANG_ENABLE_MODULES = YES;
				CLANG_ENABLE_OBJC_ARC = YES;
				CLANG_WARN_BOOL_CONVERSION = YES;
				CLANG_WARN_CONSTANT_CONVERSION = YES;
				CLANG_WARN_DIRECT_OBJC_ISA_USAGE = YES_ERROR;
				CLANG_WARN_EMPTY_BODY = YES;
				CLANG_WARN_ENUM_CONVERSION = YES;
				CLANG_WARN_INT_CONVERSION = YES;
				CLANG_WARN_OBJC_ROOT_CLASS = YES_ERROR;
				CLANG_WARN_UNREACHABLE_CODE = YES;
				CLANG_WARN__DUPLICATE_METHOD_MATCH = YES;
				"CODE_SIGN_IDENTITY[sdk=iphoneos*]" = "iPhone Developer";
				COPY_PHASE_STRIP = NO;
				DEBUG_INFORMATION_FORMAT = "dwarf-with-dsym";
				ENABLE_NS_ASSERTIONS = NO;
				ENABLE_STRICT_OBJC_MSGSEND = YES;
				GCC_C_LANGUAGE_STANDARD = gnu99;
				GCC_NO_COMMON_BLOCKS = YES;
				GCC_WARN_64_TO_32_BIT_CONVERSION = YES;
				GCC_WARN_ABOUT_RETURN_TYPE = YES_ERROR;
				GCC_WARN_UNDECLARED_SELECTOR = YES;
				GCC_WARN_UNINITIALIZED_AUTOS = YES_AGGRESSIVE;
				GCC_WARN_UNUSED_FUNCTION = YES;
				GCC_WARN_UNUSED_VARIABLE = YES;
				IPHONEOS_DEPLOYMENT_TARGET = 8.3;
				MTL_ENABLE_DEBUG_INFO = NO;
				SDKROOT = iphoneos;
				TARGETED_DEVICE_FAMILY = "1,2";
				VALIDATE_PRODUCT = YES;
			};
			name = Release;
		};
		F07A195F1B1CCF2800A67D85 /* Debug */ = {
			isa = XCBuildConfiguration;
			buildSettings = {
				ASSETCATALOG_COMPILER_APPICON_NAME = AppIcon;
				ASSETCATALOG_COMPILER_LAUNCHIMAGE_NAME = LaunchImage;
				INFOPLIST_FILE = USTCalander/Info.plist;
				IPHONEOS_DEPLOYMENT_TARGET = 7.1;
				LD_RUNPATH_SEARCH_PATHS = "$(inherited) @executable_path/Frameworks";
				PRODUCT_NAME = "$(TARGET_NAME)";
			};
			name = Debug;
		};
		F07A19601B1CCF2800A67D85 /* Release */ = {
			isa = XCBuildConfiguration;
			buildSettings = {
				ASSETCATALOG_COMPILER_APPICON_NAME = AppIcon;
				ASSETCATALOG_COMPILER_LAUNCHIMAGE_NAME = LaunchImage;
				INFOPLIST_FILE = USTCalander/Info.plist;
				IPHONEOS_DEPLOYMENT_TARGET = 7.1;
				LD_RUNPATH_SEARCH_PATHS = "$(inherited) @executable_path/Frameworks";
				PRODUCT_NAME = "$(TARGET_NAME)";
			};
			name = Release;
		};
		F07A19621B1CCF2800A67D85 /* Debug */ = {
			isa = XCBuildConfiguration;
			buildSettings = {
				BUNDLE_LOADER = "$(TEST_HOST)";
				FRAMEWORK_SEARCH_PATHS = (
					"$(SDKROOT)/Developer/Library/Frameworks",
					"$(inherited)",
				);
				GCC_PREPROCESSOR_DEFINITIONS = (
					"DEBUG=1",
					"$(inherited)",
				);
				INFOPLIST_FILE = USTCalanderTests/Info.plist;
				LD_RUNPATH_SEARCH_PATHS = "$(inherited) @executable_path/Frameworks @loader_path/Frameworks";
				PRODUCT_NAME = "$(TARGET_NAME)";
				TEST_HOST = "$(BUILT_PRODUCTS_DIR)/USTCalander.app/USTCalander";
			};
			name = Debug;
		};
		F07A19631B1CCF2800A67D85 /* Release */ = {
			isa = XCBuildConfiguration;
			buildSettings = {
				BUNDLE_LOADER = "$(TEST_HOST)";
				FRAMEWORK_SEARCH_PATHS = (
					"$(SDKROOT)/Developer/Library/Frameworks",
					"$(inherited)",
				);
				INFOPLIST_FILE = USTCalanderTests/Info.plist;
				LD_RUNPATH_SEARCH_PATHS = "$(inherited) @executable_path/Frameworks @loader_path/Frameworks";
				PRODUCT_NAME = "$(TARGET_NAME)";
				TEST_HOST = "$(BUILT_PRODUCTS_DIR)/USTCalander.app/USTCalander";
			};
			name = Release;
		};
/* End XCBuildConfiguration section */

/* Begin XCConfigurationList section */
		F07A19331B1CCF2800A67D85 /* Build configuration list for PBXProject "USTCalander" */ = {
			isa = XCConfigurationList;
			buildConfigurations = (
				F07A195C1B1CCF2800A67D85 /* Debug */,
				F07A195D1B1CCF2800A67D85 /* Release */,
			);
			defaultConfigurationIsVisible = 0;
			defaultConfigurationName = Release;
		};
		F07A195E1B1CCF2800A67D85 /* Build configuration list for PBXNativeTarget "USTCalander" */ = {
			isa = XCConfigurationList;
			buildConfigurations = (
				F07A195F1B1CCF2800A67D85 /* Debug */,
				F07A19601B1CCF2800A67D85 /* Release */,
			);
			defaultConfigurationIsVisible = 0;
			defaultConfigurationName = Release;
		};
		F07A19611B1CCF2800A67D85 /* Build configuration list for PBXNativeTarget "USTCalanderTests" */ = {
			isa = XCConfigurationList;
			buildConfigurations = (
				F07A19621B1CCF2800A67D85 /* Debug */,
				F07A19631B1CCF2800A67D85 /* Release */,
			);
			defaultConfigurationIsVisible = 0;
			defaultConfigurationName = Release;
		};
/* End XCConfigurationList section */

/* Begin XCVersionGroup section */
		F07A19421B1CCF2800A67D85 /* USTCalander.xcdatamodeld */ = {
			isa = XCVersionGroup;
			children = (
				F07A19431B1CCF2800A67D85 /* USTCalander.xcdatamodel */,
			);
			currentVersion = F07A19431B1CCF2800A67D85 /* USTCalander.xcdatamodel */;
			path = USTCalander.xcdatamodeld;
			sourceTree = "<group>";
			versionGroupType = wrapper.xcdatamodel;
		};
/* End XCVersionGroup section */
	};
	rootObject = F07A19301B1CCF2800A67D85 /* Project object */;
}
